
Microsoft Visual Studio Solution File, Format Version 12.00
# Visual Studio Version 17
VisualStudioVersion = 17.7.34031.279
MinimumVisualStudioVersion = 10.0.40219.1
Project("{FAE04EC0-301F-11D3-BF4B-00C04F79EFBC}") = "Numbers ending with 7", "Numbers ending with 7\Numbers ending with 7.csproj", "{3010C18F-FC0E-4667-803C-A343DE528406}"
EndProject
Global
	GlobalSection(SolutionConfigurationPlatforms) = preSolution
		Debug|Any CPU = Debug|Any CPU
		Release|Any CPU = Release|Any CPU
	EndGlobalSection
	GlobalSection(ProjectConfigurationPlatforms) = postSolution
		{3010C18F-FC0E-4667-803C-A343DE528406}.Debug|Any CPU.ActiveCfg = Debug|Any CPU
		{3010C18F-FC0E-4667-803C-A343DE528406}.Debug|Any CPU.Build.0 = Debug|Any CPU
		{3010C18F-FC0E-4667-803C-A343DE528406}.Release|Any CPU.ActiveCfg = Release|Any CPU
		{3010C18F-FC0E-4667-803C-A343DE528406}.Release|Any CPU.Build.0 = Release|Any CPU
	EndGlobalSection
	GlobalSection(SolutionProperties) = preSolution
		HideSolutionNode = FALSE
	EndGlobalSection
	GlobalSection(ExtensibilityGlobals) = postSolution
		SolutionGuid = {DFAA3E20-7AA0-4D11-AFB9-A194B2005391}
	EndGlobalSection
EndGlobal
